// !$*UTF8*$!
{
	archiveVersion = 1;
	classes = {
	};
	objectVersion = 56;
	objects = {

/* Begin PBXBuildFile section */
		0E3E22962CE53510005135DF /* AppUIMain in Frameworks */ = {isa = PBXBuildFile; platformFilters = (ios, macos, ); productRef = 0E3E22952CE53510005135DF /* AppUIMain */; };
		0E3E22982CE53510005135DF /* AppUITV in Frameworks */ = {isa = PBXBuildFile; platformFilters = (tvos, ); productRef = 0E3E22972CE53510005135DF /* AppUITV */; };
		0E3FF4BA2CE3AFBC00BFF640 /* Profiles.sqlite in Resources */ = {isa = PBXBuildFile; fileRef = 0E3FF4B72CE3AFBC00BFF640 /* Profiles.sqlite */; };
		0E3FF4BB2CE3AFBC00BFF640 /* MigrationManagerTests.swift in Sources */ = {isa = PBXBuildFile; fileRef = 0E3FF4B92CE3AFBC00BFF640 /* MigrationManagerTests.swift */; };
		0E60512C2CE5393C00F763D4 /* PassepartoutImplementations in Frameworks */ = {isa = PBXBuildFile; productRef = 0E60512B2CE5393C00F763D4 /* PassepartoutImplementations */; };
		0E757F132CD0CFFC006E13E1 /* PassepartoutLoginItemApp.swift in Sources */ = {isa = PBXBuildFile; fileRef = 0E757F122CD0CFFC006E13E1 /* PassepartoutLoginItemApp.swift */; };
		0E757F202CD0D22B006E13E1 /* PassepartoutLoginItem.app in Embed Login Item */ = {isa = PBXBuildFile; fileRef = 0E757F102CD0CFFC006E13E1 /* PassepartoutLoginItem.app */; platformFilters = (macos, ); settings = {ATTRIBUTES = (RemoveHeadersOnCopy, ); }; };
		0E757F232CD0D2BD006E13E1 /* AppDelegate.swift in Sources */ = {isa = PBXBuildFile; fileRef = 0E757F212CD0D2B7006E13E1 /* AppDelegate.swift */; };
		0E7C3CCD2C9AF44600B72E69 /* AppDelegate.swift in Sources */ = {isa = PBXBuildFile; fileRef = 0E7C3CCC2C9AF44600B72E69 /* AppDelegate.swift */; };
		0E7E3D692B9345FD002BBDB4 /* Assets.xcassets in Resources */ = {isa = PBXBuildFile; fileRef = 0E7E3D5C2B9345FD002BBDB4 /* Assets.xcassets */; };
		0E7E3D6B2B9345FD002BBDB4 /* PassepartoutApp.swift in Sources */ = {isa = PBXBuildFile; fileRef = 0E7E3D5F2B9345FD002BBDB4 /* PassepartoutApp.swift */; };
		0E94EE582B93554B00588243 /* PacketTunnelProvider.swift in Sources */ = {isa = PBXBuildFile; fileRef = 0E7E3D672B9345FD002BBDB4 /* PacketTunnelProvider.swift */; };
		0EB08B982CA46F4900A02591 /* AppPlist.strings in Resources */ = {isa = PBXBuildFile; fileRef = 0EB08B962CA46F4900A02591 /* AppPlist.strings */; };
		0EBE80DC2BF55C0E00E36A20 /* TunnelLibrary in Frameworks */ = {isa = PBXBuildFile; productRef = 0EBE80DB2BF55C0E00E36A20 /* TunnelLibrary */; };
		0EC066D12C7DC47600D88A94 /* LaunchScreen.storyboard in Resources */ = {isa = PBXBuildFile; fileRef = 0EC066D02C7DC47600D88A94 /* LaunchScreen.storyboard */; platformFilter = ios; };
		0EC332CA2B8A1808000B9C2F /* NetworkExtension.framework in Frameworks */ = {isa = PBXBuildFile; fileRef = 0EC332C92B8A1808000B9C2F /* NetworkExtension.framework */; };
		0EC332D22B8A1808000B9C2F /* PassepartoutTunnel.appex in Embed Foundation Extensions */ = {isa = PBXBuildFile; fileRef = 0EC332C82B8A1808000B9C2F /* PassepartoutTunnel.appex */; settings = {ATTRIBUTES = (RemoveHeadersOnCopy, ); }; };
		0EC797422B9378E000C093B7 /* AppContext+Shared.swift in Sources */ = {isa = PBXBuildFile; fileRef = 0EC797402B9378E000C093B7 /* AppContext+Shared.swift */; };
		0EC797432B9378E000C093B7 /* Shared.swift in Sources */ = {isa = PBXBuildFile; fileRef = 0EC797412B9378E000C093B7 /* Shared.swift */; };
		0EC797442B93790600C093B7 /* Shared.swift in Sources */ = {isa = PBXBuildFile; fileRef = 0EC797412B9378E000C093B7 /* Shared.swift */; };
		0ED61CF82CD0418C008FE259 /* App+macOS.swift in Sources */ = {isa = PBXBuildFile; fileRef = 0ED61CF72CD0418C008FE259 /* App+macOS.swift */; };
		0ED61CFA2CD04192008FE259 /* App+iOS.swift in Sources */ = {isa = PBXBuildFile; fileRef = 0ED61CF92CD04192008FE259 /* App+iOS.swift */; };
		0EDE56EA2CABE40D0082D21C /* Intents.plist in Resources */ = {isa = PBXBuildFile; fileRef = 0EDE56E62CABE40D0082D21C /* Intents.plist */; };
		0EDE56FA2CABE42E0082D21C /* PassepartoutIntents.appex in Embed ExtensionKit Extensions */ = {isa = PBXBuildFile; fileRef = 0EDE56F02CABE42E0082D21C /* PassepartoutIntents.appex */; platformFilters = (ios, macos, ); settings = {ATTRIBUTES = (RemoveHeadersOnCopy, ); }; };
		0EDE57002CABE4B50082D21C /* IntentsExtension.swift in Sources */ = {isa = PBXBuildFile; fileRef = 0EDE56E72CABE40D0082D21C /* IntentsExtension.swift */; };
		0EE8D7E12CD112C200F6600C /* App+tvOS.swift in Sources */ = {isa = PBXBuildFile; fileRef = 0EE8D7E02CD112C200F6600C /* App+tvOS.swift */; };
		0EF5FE4D2CE53B1C00EC2CD4 /* PassepartoutImplementations in Frameworks */ = {isa = PBXBuildFile; productRef = 0EF5FE4C2CE53B1C00EC2CD4 /* PassepartoutImplementations */; };
		0EF5FE4F2CE53BCE00EC2CD4 /* LegacyV2 in Frameworks */ = {isa = PBXBuildFile; productRef = 0EF5FE4E2CE53BCE00EC2CD4 /* LegacyV2 */; };
/* End PBXBuildFile section */

/* Begin PBXContainerItemProxy section */
		0E3FF4B22CE3AF6F00BFF640 /* PBXContainerItemProxy */ = {
			isa = PBXContainerItemProxy;
			containerPortal = 0E06D1872B87629100176E1D /* Project object */;
			proxyType = 1;
			remoteGlobalIDString = 0E06D18E2B87629100176E1D;
			remoteInfo = Passepartout;
		};
		0E757F242CD0D812006E13E1 /* PBXContainerItemProxy */ = {
			isa = PBXContainerItemProxy;
			containerPortal = 0E06D1872B87629100176E1D /* Project object */;
			proxyType = 1;
			remoteGlobalIDString = 0E757F0F2CD0CFFC006E13E1;
			remoteInfo = PassepartoutLoginItem;
		};
		0EC332D02B8A1808000B9C2F /* PBXContainerItemProxy */ = {
			isa = PBXContainerItemProxy;
			containerPortal = 0E06D1872B87629100176E1D /* Project object */;
			proxyType = 1;
			remoteGlobalIDString = 0EC332C72B8A1808000B9C2F;
			remoteInfo = Tunnel;
		};
		0EDE56F82CABE42E0082D21C /* PBXContainerItemProxy */ = {
			isa = PBXContainerItemProxy;
			containerPortal = 0E06D1872B87629100176E1D /* Project object */;
			proxyType = 1;
			remoteGlobalIDString = 0EDE56EF2CABE42E0082D21C;
			remoteInfo = Intents;
		};
/* End PBXContainerItemProxy section */

/* Begin PBXCopyFilesBuildPhase section */
		0E757F1F2CD0D1FB006E13E1 /* Embed Login Item */ = {
			isa = PBXCopyFilesBuildPhase;
			buildActionMask = 2147483647;
			dstPath = Contents/Library/LoginItems;
			dstSubfolderSpec = 1;
			files = (
				0E757F202CD0D22B006E13E1 /* PassepartoutLoginItem.app in Embed Login Item */,
			);
			name = "Embed Login Item";
			runOnlyForDeploymentPostprocessing = 0;
		};
		0EC332D62B8A1808000B9C2F /* Embed Foundation Extensions */ = {
			isa = PBXCopyFilesBuildPhase;
			buildActionMask = 2147483647;
			dstPath = "";
			dstSubfolderSpec = 13;
			files = (
				0EC332D22B8A1808000B9C2F /* PassepartoutTunnel.appex in Embed Foundation Extensions */,
			);
			name = "Embed Foundation Extensions";
			runOnlyForDeploymentPostprocessing = 0;
		};
		0EDE56FE2CABE42E0082D21C /* Embed ExtensionKit Extensions */ = {
			isa = PBXCopyFilesBuildPhase;
			buildActionMask = 2147483647;
			dstPath = "$(EXTENSIONS_FOLDER_PATH)";
			dstSubfolderSpec = 16;
			files = (
				0EDE56FA2CABE42E0082D21C /* PassepartoutIntents.appex in Embed ExtensionKit Extensions */,
			);
			name = "Embed ExtensionKit Extensions";
			runOnlyForDeploymentPostprocessing = 0;
		};
/* End PBXCopyFilesBuildPhase section */

/* Begin PBXFileReference section */
		0E06D18F2B87629100176E1D /* Passepartout.app */ = {isa = PBXFileReference; explicitFileType = wrapper.application; includeInIndex = 0; path = Passepartout.app; sourceTree = BUILT_PRODUCTS_DIR; };
		0E3FF4AE2CE3AF6F00BFF640 /* PassepartoutTests.xctest */ = {isa = PBXFileReference; explicitFileType = wrapper.cfbundle; includeInIndex = 0; path = PassepartoutTests.xctest; sourceTree = BUILT_PRODUCTS_DIR; };
		0E3FF4B72CE3AFBC00BFF640 /* Profiles.sqlite */ = {isa = PBXFileReference; lastKnownFileType = file; path = Profiles.sqlite; sourceTree = "<group>"; };
		0E3FF4B92CE3AFBC00BFF640 /* MigrationManagerTests.swift */ = {isa = PBXFileReference; fileEncoding = 4; lastKnownFileType = sourcecode.swift; path = MigrationManagerTests.swift; sourceTree = "<group>"; };
		0E5DFDDC2CDB8F9100F2DE70 /* Passepartout.storekit */ = {isa = PBXFileReference; lastKnownFileType = text; path = Passepartout.storekit; sourceTree = "<group>"; };
		0E757F102CD0CFFC006E13E1 /* PassepartoutLoginItem.app */ = {isa = PBXFileReference; explicitFileType = wrapper.application; includeInIndex = 0; path = PassepartoutLoginItem.app; sourceTree = BUILT_PRODUCTS_DIR; };
		0E757F122CD0CFFC006E13E1 /* PassepartoutLoginItemApp.swift */ = {isa = PBXFileReference; lastKnownFileType = sourcecode.swift; path = PassepartoutLoginItemApp.swift; sourceTree = "<group>"; };
		0E757F182CD0CFFD006E13E1 /* LoginItem.entitlements */ = {isa = PBXFileReference; lastKnownFileType = text.plist.entitlements; path = LoginItem.entitlements; sourceTree = "<group>"; };
		0E757F212CD0D2B7006E13E1 /* AppDelegate.swift */ = {isa = PBXFileReference; lastKnownFileType = sourcecode.swift; path = AppDelegate.swift; sourceTree = "<group>"; };
		0E7C3CCC2C9AF44600B72E69 /* AppDelegate.swift */ = {isa = PBXFileReference; lastKnownFileType = sourcecode.swift; path = AppDelegate.swift; sourceTree = "<group>"; };
		0E7D0EAD2CAEA47700A2F28D /* Passepartout.xctestplan */ = {isa = PBXFileReference; lastKnownFileType = text; path = Passepartout.xctestplan; sourceTree = "<group>"; };
		0E7E3D5B2B9345FD002BBDB4 /* App.entitlements */ = {isa = PBXFileReference; fileEncoding = 4; lastKnownFileType = text.plist.entitlements; path = App.entitlements; sourceTree = "<group>"; };
		0E7E3D5C2B9345FD002BBDB4 /* Assets.xcassets */ = {isa = PBXFileReference; lastKnownFileType = folder.assetcatalog; path = Assets.xcassets; sourceTree = "<group>"; };
		0E7E3D5F2B9345FD002BBDB4 /* PassepartoutApp.swift */ = {isa = PBXFileReference; fileEncoding = 4; lastKnownFileType = sourcecode.swift; path = PassepartoutApp.swift; sourceTree = "<group>"; };
		0E7E3D662B9345FD002BBDB4 /* Tunnel.entitlements */ = {isa = PBXFileReference; fileEncoding = 4; lastKnownFileType = text.plist.entitlements; path = Tunnel.entitlements; sourceTree = "<group>"; };
		0E7E3D672B9345FD002BBDB4 /* PacketTunnelProvider.swift */ = {isa = PBXFileReference; fileEncoding = 4; lastKnownFileType = sourcecode.swift; path = PacketTunnelProvider.swift; sourceTree = "<group>"; };
		0E8D852F2C328CA1005493DE /* Config.xcconfig */ = {isa = PBXFileReference; lastKnownFileType = text.xcconfig; path = Config.xcconfig; sourceTree = "<group>"; };
		0E94EE5C2B93570600588243 /* Tunnel.plist */ = {isa = PBXFileReference; lastKnownFileType = text.plist.xml; path = Tunnel.plist; sourceTree = "<group>"; };
		0EB08B972CA46F4900A02591 /* en */ = {isa = PBXFileReference; lastKnownFileType = text.plist.strings; name = en; path = en.lproj/AppPlist.strings; sourceTree = "<group>"; };
		0EBE80DD2BF55C9100E36A20 /* Library */ = {isa = PBXFileReference; lastKnownFileType = wrapper; path = Library; sourceTree = "<group>"; };
		0EC066D02C7DC47600D88A94 /* LaunchScreen.storyboard */ = {isa = PBXFileReference; fileEncoding = 4; lastKnownFileType = file.storyboard; path = LaunchScreen.storyboard; sourceTree = "<group>"; };
		0EC332C82B8A1808000B9C2F /* PassepartoutTunnel.appex */ = {isa = PBXFileReference; explicitFileType = "wrapper.app-extension"; includeInIndex = 0; path = PassepartoutTunnel.appex; sourceTree = BUILT_PRODUCTS_DIR; };
		0EC332C92B8A1808000B9C2F /* NetworkExtension.framework */ = {isa = PBXFileReference; lastKnownFileType = wrapper.framework; name = NetworkExtension.framework; path = System/Library/Frameworks/NetworkExtension.framework; sourceTree = SDKROOT; };
		0EC797402B9378E000C093B7 /* AppContext+Shared.swift */ = {isa = PBXFileReference; fileEncoding = 4; lastKnownFileType = sourcecode.swift; path = "AppContext+Shared.swift"; sourceTree = "<group>"; };
		0EC797412B9378E000C093B7 /* Shared.swift */ = {isa = PBXFileReference; fileEncoding = 4; lastKnownFileType = sourcecode.swift; path = Shared.swift; sourceTree = "<group>"; };
		0ED1EFDA2C33059600CBD9BD /* App.plist */ = {isa = PBXFileReference; lastKnownFileType = text.plist.xml; path = App.plist; sourceTree = "<group>"; };
		0ED61CF72CD0418C008FE259 /* App+macOS.swift */ = {isa = PBXFileReference; lastKnownFileType = sourcecode.swift; path = "App+macOS.swift"; sourceTree = "<group>"; };
		0ED61CF92CD04192008FE259 /* App+iOS.swift */ = {isa = PBXFileReference; lastKnownFileType = sourcecode.swift; path = "App+iOS.swift"; sourceTree = "<group>"; };
		0EDE56E52CABE40D0082D21C /* Intents.entitlements */ = {isa = PBXFileReference; fileEncoding = 4; lastKnownFileType = text.plist.entitlements; path = Intents.entitlements; sourceTree = "<group>"; };
		0EDE56E62CABE40D0082D21C /* Intents.plist */ = {isa = PBXFileReference; fileEncoding = 4; lastKnownFileType = text.plist.xml; path = Intents.plist; sourceTree = "<group>"; };
		0EDE56E72CABE40D0082D21C /* IntentsExtension.swift */ = {isa = PBXFileReference; fileEncoding = 4; lastKnownFileType = sourcecode.swift; path = IntentsExtension.swift; sourceTree = "<group>"; };
		0EDE56F02CABE42E0082D21C /* PassepartoutIntents.appex */ = {isa = PBXFileReference; explicitFileType = "wrapper.extensionkit-extension"; includeInIndex = 0; path = PassepartoutIntents.appex; sourceTree = BUILT_PRODUCTS_DIR; };
		0EE8D7E02CD112C200F6600C /* App+tvOS.swift */ = {isa = PBXFileReference; lastKnownFileType = sourcecode.swift; path = "App+tvOS.swift"; sourceTree = "<group>"; };
/* End PBXFileReference section */

/* Begin PBXFrameworksBuildPhase section */
		0E3FF4AB2CE3AF6F00BFF640 /* Frameworks */ = {
			isa = PBXFrameworksBuildPhase;
			buildActionMask = 2147483647;
			files = (
			);
			runOnlyForDeploymentPostprocessing = 0;
		};
		0E757F0D2CD0CFFC006E13E1 /* Frameworks */ = {
			isa = PBXFrameworksBuildPhase;
			buildActionMask = 2147483647;
			files = (
			);
			runOnlyForDeploymentPostprocessing = 0;
		};
		0EC332C52B8A1808000B9C2F /* Frameworks */ = {
			isa = PBXFrameworksBuildPhase;
			buildActionMask = 2147483647;
			files = (
				0EBE80DC2BF55C0E00E36A20 /* TunnelLibrary in Frameworks */,
				0EF5FE4D2CE53B1C00EC2CD4 /* PassepartoutImplementations in Frameworks */,
				0EC332CA2B8A1808000B9C2F /* NetworkExtension.framework in Frameworks */,
			);
			runOnlyForDeploymentPostprocessing = 0;
		};
		0ED27CBF2B9331FF0089E26B /* Frameworks */ = {
			isa = PBXFrameworksBuildPhase;
			buildActionMask = 2147483647;
			files = (
				0E3E22982CE53510005135DF /* AppUITV in Frameworks */,
				0EF5FE4F2CE53BCE00EC2CD4 /* LegacyV2 in Frameworks */,
				0E60512C2CE5393C00F763D4 /* PassepartoutImplementations in Frameworks */,
				0E3E22962CE53510005135DF /* AppUIMain in Frameworks */,
			);
			runOnlyForDeploymentPostprocessing = 0;
		};
		0EDE56ED2CABE42E0082D21C /* Frameworks */ = {
			isa = PBXFrameworksBuildPhase;
			buildActionMask = 2147483647;
			files = (
			);
			runOnlyForDeploymentPostprocessing = 0;
		};
/* End PBXFrameworksBuildPhase section */

/* Begin PBXGroup section */
		0E06D1862B87629100176E1D = {
			isa = PBXGroup;
			children = (
				0E7E3D592B9345FD002BBDB4 /* Passepartout */,
				0E06D1902B87629100176E1D /* Products */,
				0E06D1A32B8762AD00176E1D /* Frameworks */,
			);
			sourceTree = "<group>";
		};
		0E06D1902B87629100176E1D /* Products */ = {
			isa = PBXGroup;
			children = (
				0E06D18F2B87629100176E1D /* Passepartout.app */,
				0EC332C82B8A1808000B9C2F /* PassepartoutTunnel.appex */,
				0EDE56F02CABE42E0082D21C /* PassepartoutIntents.appex */,
				0E757F102CD0CFFC006E13E1 /* PassepartoutLoginItem.app */,
				0E3FF4AE2CE3AF6F00BFF640 /* PassepartoutTests.xctest */,
			);
			name = Products;
			sourceTree = "<group>";
		};
		0E06D1A32B8762AD00176E1D /* Frameworks */ = {
			isa = PBXGroup;
			children = (
				0EC332C92B8A1808000B9C2F /* NetworkExtension.framework */,
			);
			name = Frameworks;
			sourceTree = "<group>";
		};
		0E3FF4A92CE3AF4700BFF640 /* Tests */ = {
			isa = PBXGroup;
			children = (
				0E3FF4B82CE3AFBC00BFF640 /* Resources */,
				0E3FF4B92CE3AFBC00BFF640 /* MigrationManagerTests.swift */,
			);
			path = Tests;
			sourceTree = "<group>";
		};
		0E3FF4B82CE3AFBC00BFF640 /* Resources */ = {
			isa = PBXGroup;
			children = (
				0E3FF4B72CE3AFBC00BFF640 /* Profiles.sqlite */,
			);
			path = Resources;
			sourceTree = "<group>";
		};
		0E757F112CD0CFFC006E13E1 /* LoginItem */ = {
			isa = PBXGroup;
			children = (
				0E757F212CD0D2B7006E13E1 /* AppDelegate.swift */,
				0E757F122CD0CFFC006E13E1 /* PassepartoutLoginItemApp.swift */,
				0E757F182CD0CFFD006E13E1 /* LoginItem.entitlements */,
			);
			path = LoginItem;
			sourceTree = "<group>";
		};
		0E7E3D592B9345FD002BBDB4 /* Passepartout */ = {
			isa = PBXGroup;
			children = (
				0E8D852F2C328CA1005493DE /* Config.xcconfig */,
				0E7D0EAD2CAEA47700A2F28D /* Passepartout.xctestplan */,
				0E5DFDDC2CDB8F9100F2DE70 /* Passepartout.storekit */,
				0E7E3D5A2B9345FD002BBDB4 /* App */,
				0EDE56E82CABE40D0082D21C /* Intents */,
				0E757F112CD0CFFC006E13E1 /* LoginItem */,
				0E7E3D612B9345FD002BBDB4 /* Shared */,
				0E3FF4A92CE3AF4700BFF640 /* Tests */,
				0E7E3D652B9345FD002BBDB4 /* Tunnel */,
				0EBE80DD2BF55C9100E36A20 /* Library */,
			);
			path = Passepartout;
			sourceTree = "<group>";
		};
		0E7E3D5A2B9345FD002BBDB4 /* App */ = {
			isa = PBXGroup;
			children = (
				0ED61CF62CD04174008FE259 /* Platforms */,
				0ED1EFDA2C33059600CBD9BD /* App.plist */,
				0E7E3D5B2B9345FD002BBDB4 /* App.entitlements */,
				0E7C3CCC2C9AF44600B72E69 /* AppDelegate.swift */,
				0EB08B962CA46F4900A02591 /* AppPlist.strings */,
				0E7E3D5C2B9345FD002BBDB4 /* Assets.xcassets */,
				0EC066D02C7DC47600D88A94 /* LaunchScreen.storyboard */,
				0E7E3D5F2B9345FD002BBDB4 /* PassepartoutApp.swift */,
			);
			path = App;
			sourceTree = "<group>";
		};
		0E7E3D612B9345FD002BBDB4 /* Shared */ = {
			isa = PBXGroup;
			children = (
				0EC797402B9378E000C093B7 /* AppContext+Shared.swift */,
				0EC797412B9378E000C093B7 /* Shared.swift */,
			);
			path = Shared;
			sourceTree = "<group>";
		};
		0E7E3D652B9345FD002BBDB4 /* Tunnel */ = {
			isa = PBXGroup;
			children = (
				0E94EE5C2B93570600588243 /* Tunnel.plist */,
				0E7E3D662B9345FD002BBDB4 /* Tunnel.entitlements */,
				0E7E3D672B9345FD002BBDB4 /* PacketTunnelProvider.swift */,
			);
			path = Tunnel;
			sourceTree = "<group>";
		};
		0ED61CF62CD04174008FE259 /* Platforms */ = {
			isa = PBXGroup;
			children = (
				0ED61CF92CD04192008FE259 /* App+iOS.swift */,
				0ED61CF72CD0418C008FE259 /* App+macOS.swift */,
				0EE8D7E02CD112C200F6600C /* App+tvOS.swift */,
			);
			path = Platforms;
			sourceTree = "<group>";
		};
		0EDE56E82CABE40D0082D21C /* Intents */ = {
			isa = PBXGroup;
			children = (
				0EDE56E52CABE40D0082D21C /* Intents.entitlements */,
				0EDE56E62CABE40D0082D21C /* Intents.plist */,
				0EDE56E72CABE40D0082D21C /* IntentsExtension.swift */,
			);
			path = Intents;
			sourceTree = "<group>";
		};
/* End PBXGroup section */

/* Begin PBXNativeTarget section */
		0E06D18E2B87629100176E1D /* Passepartout */ = {
			isa = PBXNativeTarget;
			buildConfigurationList = 0E06D19E2B87629200176E1D /* Build configuration list for PBXNativeTarget "Passepartout" */;
			buildPhases = (
				0E06D18B2B87629100176E1D /* Sources */,
				0ED27CBF2B9331FF0089E26B /* Frameworks */,
				0E06D18D2B87629100176E1D /* Resources */,
				0EC332D62B8A1808000B9C2F /* Embed Foundation Extensions */,
				0EDE56FE2CABE42E0082D21C /* Embed ExtensionKit Extensions */,
				0E757F1F2CD0D1FB006E13E1 /* Embed Login Item */,
				0E8D852E2C328C54005493DE /* SwiftLint */,
			);
			buildRules = (
			);
			dependencies = (
				0E6C0A032BF4047100450362 /* PBXTargetDependency */,
				0EDE56F92CABE42E0082D21C /* PBXTargetDependency */,
				0E757F252CD0D812006E13E1 /* PBXTargetDependency */,
				0EC332D12B8A1808000B9C2F /* PBXTargetDependency */,
			);
			name = Passepartout;
			packageProductDependencies = (
				0E3E22952CE53510005135DF /* AppUIMain */,
				0E3E22972CE53510005135DF /* AppUITV */,
				0E60512B2CE5393C00F763D4 /* PassepartoutImplementations */,
				0EF5FE4E2CE53BCE00EC2CD4 /* LegacyV2 */,
			);
			productName = PassepartoutKit;
			productReference = 0E06D18F2B87629100176E1D /* Passepartout.app */;
			productType = "com.apple.product-type.application";
		};
		0E3FF4AD2CE3AF6F00BFF640 /* PassepartoutTests */ = {
			isa = PBXNativeTarget;
			buildConfigurationList = 0E3FF4B42CE3AF6F00BFF640 /* Build configuration list for PBXNativeTarget "PassepartoutTests" */;
			buildPhases = (
				0E3FF4AA2CE3AF6F00BFF640 /* Sources */,
				0E3FF4AB2CE3AF6F00BFF640 /* Frameworks */,
				0E3FF4AC2CE3AF6F00BFF640 /* Resources */,
			);
			buildRules = (
			);
			dependencies = (
				0E3FF4B32CE3AF6F00BFF640 /* PBXTargetDependency */,
			);
			name = PassepartoutTests;
			productName = PassepartoutTests;
			productReference = 0E3FF4AE2CE3AF6F00BFF640 /* PassepartoutTests.xctest */;
			productType = "com.apple.product-type.bundle.unit-test";
		};
		0E757F0F2CD0CFFC006E13E1 /* PassepartoutLoginItem */ = {
			isa = PBXNativeTarget;
			buildConfigurationList = 0E757F1E2CD0CFFD006E13E1 /* Build configuration list for PBXNativeTarget "PassepartoutLoginItem" */;
			buildPhases = (
				0E757F0C2CD0CFFC006E13E1 /* Sources */,
				0E757F0D2CD0CFFC006E13E1 /* Frameworks */,
				0E757F0E2CD0CFFC006E13E1 /* Resources */,
			);
			buildRules = (
			);
			dependencies = (
			);
			name = PassepartoutLoginItem;
			productName = PassepartoutLoginItem;
			productReference = 0E757F102CD0CFFC006E13E1 /* PassepartoutLoginItem.app */;
			productType = "com.apple.product-type.application";
		};
		0EC332C72B8A1808000B9C2F /* PassepartoutTunnel */ = {
			isa = PBXNativeTarget;
			buildConfigurationList = 0EC332D32B8A1808000B9C2F /* Build configuration list for PBXNativeTarget "PassepartoutTunnel" */;
			buildPhases = (
				0EC332C42B8A1808000B9C2F /* Sources */,
				0EC332C52B8A1808000B9C2F /* Frameworks */,
				0EC332C62B8A1808000B9C2F /* Resources */,
			);
			buildRules = (
			);
			dependencies = (
				0E6C0A052BF4047600450362 /* PBXTargetDependency */,
			);
			name = PassepartoutTunnel;
			packageProductDependencies = (
				0EBE80DB2BF55C0E00E36A20 /* TunnelLibrary */,
				0EF5FE4C2CE53B1C00EC2CD4 /* PassepartoutImplementations */,
			);
			productName = Tunnel;
			productReference = 0EC332C82B8A1808000B9C2F /* PassepartoutTunnel.appex */;
			productType = "com.apple.product-type.app-extension";
		};
		0EDE56EF2CABE42E0082D21C /* PassepartoutIntents */ = {
			isa = PBXNativeTarget;
			buildConfigurationList = 0EDE56FB2CABE42E0082D21C /* Build configuration list for PBXNativeTarget "PassepartoutIntents" */;
			buildPhases = (
				0EDE56EC2CABE42E0082D21C /* Sources */,
				0EDE56ED2CABE42E0082D21C /* Frameworks */,
				0EDE56EE2CABE42E0082D21C /* Resources */,
			);
			buildRules = (
			);
			dependencies = (
			);
			name = PassepartoutIntents;
			productName = Intents;
			productReference = 0EDE56F02CABE42E0082D21C /* PassepartoutIntents.appex */;
			productType = "com.apple.product-type.extensionkit-extension";
		};
/* End PBXNativeTarget section */

/* Begin PBXProject section */
		0E06D1872B87629100176E1D /* Project object */ = {
			isa = PBXProject;
			attributes = {
				BuildIndependentTargetsInParallel = 1;
				LastSwiftUpdateCheck = 1540;
				LastUpgradeCheck = 1610;
				TargetAttributes = {
					0E06D18E2B87629100176E1D = {
						CreatedOnToolsVersion = 15.2;
					};
					0E3FF4AD2CE3AF6F00BFF640 = {
						CreatedOnToolsVersion = 15.4;
						TestTargetID = 0E06D18E2B87629100176E1D;
					};
					0E757F0F2CD0CFFC006E13E1 = {
						CreatedOnToolsVersion = 15.4;
					};
					0EC332C72B8A1808000B9C2F = {
						CreatedOnToolsVersion = 15.2;
					};
					0EDE56EF2CABE42E0082D21C = {
						CreatedOnToolsVersion = 15.4;
					};
				};
			};
			buildConfigurationList = 0E06D18A2B87629100176E1D /* Build configuration list for PBXProject "Passepartout" */;
			compatibilityVersion = "Xcode 14.0";
			developmentRegion = en;
			hasScannedForEncodings = 0;
			knownRegions = (
				en,
				Base,
			);
			mainGroup = 0E06D1862B87629100176E1D;
			productRefGroup = 0E06D1902B87629100176E1D /* Products */;
			projectDirPath = "";
			projectRoot = "";
			targets = (
				0E06D18E2B87629100176E1D /* Passepartout */,
				0EDE56EF2CABE42E0082D21C /* PassepartoutIntents */,
				0E757F0F2CD0CFFC006E13E1 /* PassepartoutLoginItem */,
				0E3FF4AD2CE3AF6F00BFF640 /* PassepartoutTests */,
				0EC332C72B8A1808000B9C2F /* PassepartoutTunnel */,
			);
		};
/* End PBXProject section */

/* Begin PBXResourcesBuildPhase section */
		0E06D18D2B87629100176E1D /* Resources */ = {
			isa = PBXResourcesBuildPhase;
			buildActionMask = 2147483647;
			files = (
				0EDE56EA2CABE40D0082D21C /* Intents.plist in Resources */,
				0E7E3D692B9345FD002BBDB4 /* Assets.xcassets in Resources */,
				0EB08B982CA46F4900A02591 /* AppPlist.strings in Resources */,
				0EC066D12C7DC47600D88A94 /* LaunchScreen.storyboard in Resources */,
			);
			runOnlyForDeploymentPostprocessing = 0;
		};
		0E3FF4AC2CE3AF6F00BFF640 /* Resources */ = {
			isa = PBXResourcesBuildPhase;
			buildActionMask = 2147483647;
			files = (
				0E3FF4BA2CE3AFBC00BFF640 /* Profiles.sqlite in Resources */,
			);
			runOnlyForDeploymentPostprocessing = 0;
		};
		0E757F0E2CD0CFFC006E13E1 /* Resources */ = {
			isa = PBXResourcesBuildPhase;
			buildActionMask = 2147483647;
			files = (
			);
			runOnlyForDeploymentPostprocessing = 0;
		};
		0EC332C62B8A1808000B9C2F /* Resources */ = {
			isa = PBXResourcesBuildPhase;
			buildActionMask = 2147483647;
			files = (
			);
			runOnlyForDeploymentPostprocessing = 0;
		};
		0EDE56EE2CABE42E0082D21C /* Resources */ = {
			isa = PBXResourcesBuildPhase;
			buildActionMask = 2147483647;
			files = (
			);
			runOnlyForDeploymentPostprocessing = 0;
		};
/* End PBXResourcesBuildPhase section */

/* Begin PBXShellScriptBuildPhase section */
		0E8D852E2C328C54005493DE /* SwiftLint */ = {
			isa = PBXShellScriptBuildPhase;
			buildActionMask = 2147483647;
			files = (
			);
			inputFileListPaths = (
			);
			inputPaths = (
			);
			name = SwiftLint;
			outputFileListPaths = (
			);
			outputPaths = (
			);
			runOnlyForDeploymentPostprocessing = 0;
			shellPath = /bin/sh;
			shellScript = "PATH=$CUSTOM_SCRIPT_PATH\nif which swiftlint >/dev/null; then\n  swiftlint\nelse\n  echo \"warning: SwiftLint not installed, download from https://github.com/realm/SwiftLint\"\nfi\n";
		};
/* End PBXShellScriptBuildPhase section */

/* Begin PBXSourcesBuildPhase section */
		0E06D18B2B87629100176E1D /* Sources */ = {
			isa = PBXSourcesBuildPhase;
			buildActionMask = 2147483647;
			files = (
				0ED61CF82CD0418C008FE259 /* App+macOS.swift in Sources */,
				0E7C3CCD2C9AF44600B72E69 /* AppDelegate.swift in Sources */,
				0ED61CFA2CD04192008FE259 /* App+iOS.swift in Sources */,
				0E7E3D6B2B9345FD002BBDB4 /* PassepartoutApp.swift in Sources */,
				0EC797422B9378E000C093B7 /* AppContext+Shared.swift in Sources */,
				0EE8D7E12CD112C200F6600C /* App+tvOS.swift in Sources */,
				0EC797432B9378E000C093B7 /* Shared.swift in Sources */,
			);
			runOnlyForDeploymentPostprocessing = 0;
		};
		0E3FF4AA2CE3AF6F00BFF640 /* Sources */ = {
			isa = PBXSourcesBuildPhase;
			buildActionMask = 2147483647;
			files = (
				0E3FF4BB2CE3AFBC00BFF640 /* MigrationManagerTests.swift in Sources */,
			);
			runOnlyForDeploymentPostprocessing = 0;
		};
		0E757F0C2CD0CFFC006E13E1 /* Sources */ = {
			isa = PBXSourcesBuildPhase;
			buildActionMask = 2147483647;
			files = (
				0E757F232CD0D2BD006E13E1 /* AppDelegate.swift in Sources */,
				0E757F132CD0CFFC006E13E1 /* PassepartoutLoginItemApp.swift in Sources */,
			);
			runOnlyForDeploymentPostprocessing = 0;
		};
		0EC332C42B8A1808000B9C2F /* Sources */ = {
			isa = PBXSourcesBuildPhase;
			buildActionMask = 2147483647;
			files = (
				0E94EE582B93554B00588243 /* PacketTunnelProvider.swift in Sources */,
				0EC797442B93790600C093B7 /* Shared.swift in Sources */,
			);
			runOnlyForDeploymentPostprocessing = 0;
		};
		0EDE56EC2CABE42E0082D21C /* Sources */ = {
			isa = PBXSourcesBuildPhase;
			buildActionMask = 2147483647;
			files = (
				0EDE57002CABE4B50082D21C /* IntentsExtension.swift in Sources */,
			);
			runOnlyForDeploymentPostprocessing = 0;
		};
/* End PBXSourcesBuildPhase section */

/* Begin PBXTargetDependency section */
		0E3FF4B32CE3AF6F00BFF640 /* PBXTargetDependency */ = {
			isa = PBXTargetDependency;
			target = 0E06D18E2B87629100176E1D /* Passepartout */;
			targetProxy = 0E3FF4B22CE3AF6F00BFF640 /* PBXContainerItemProxy */;
		};
		0E6C0A032BF4047100450362 /* PBXTargetDependency */ = {
			isa = PBXTargetDependency;
			productRef = 0E6C0A022BF4047100450362 /* AppLibrary */;
		};
		0E6C0A052BF4047600450362 /* PBXTargetDependency */ = {
			isa = PBXTargetDependency;
			productRef = 0E6C0A042BF4047600450362 /* TunnelLibrary */;
		};
		0E757F252CD0D812006E13E1 /* PBXTargetDependency */ = {
			isa = PBXTargetDependency;
			platformFilters = (
				macos,
			);
			target = 0E757F0F2CD0CFFC006E13E1 /* PassepartoutLoginItem */;
			targetProxy = 0E757F242CD0D812006E13E1 /* PBXContainerItemProxy */;
		};
		0EC332D12B8A1808000B9C2F /* PBXTargetDependency */ = {
			isa = PBXTargetDependency;
			target = 0EC332C72B8A1808000B9C2F /* PassepartoutTunnel */;
			targetProxy = 0EC332D02B8A1808000B9C2F /* PBXContainerItemProxy */;
		};
		0EDE56F92CABE42E0082D21C /* PBXTargetDependency */ = {
			isa = PBXTargetDependency;
			platformFilters = (
				ios,
				macos,
			);
			target = 0EDE56EF2CABE42E0082D21C /* PassepartoutIntents */;
			targetProxy = 0EDE56F82CABE42E0082D21C /* PBXContainerItemProxy */;
		};
/* End PBXTargetDependency section */

/* Begin PBXVariantGroup section */
		0EB08B962CA46F4900A02591 /* AppPlist.strings */ = {
			isa = PBXVariantGroup;
			children = (
				0EB08B972CA46F4900A02591 /* en */,
			);
			name = AppPlist.strings;
			sourceTree = "<group>";
		};
/* End PBXVariantGroup section */

/* Begin XCBuildConfiguration section */
		0E06D19C2B87629200176E1D /* Debug */ = {
			isa = XCBuildConfiguration;
			baseConfigurationReference = 0E8D852F2C328CA1005493DE /* Config.xcconfig */;
			buildSettings = {
				ALLOW_TARGET_PLATFORM_SPECIALIZATION = YES;
				ALWAYS_SEARCH_USER_PATHS = NO;
				ARCHS = "$(ARCHS_STANDARD)";
				ASSETCATALOG_COMPILER_GENERATE_SWIFT_ASSET_SYMBOL_EXTENSIONS = YES;
				CLANG_ANALYZER_NONNULL = YES;
				CLANG_ANALYZER_NUMBER_OBJECT_CONVERSION = YES_AGGRESSIVE;
				CLANG_CXX_LANGUAGE_STANDARD = "gnu++20";
				CLANG_ENABLE_MODULES = YES;
				CLANG_ENABLE_OBJC_ARC = YES;
				CLANG_ENABLE_OBJC_WEAK = YES;
				CLANG_WARN_BLOCK_CAPTURE_AUTORELEASING = YES;
				CLANG_WARN_BOOL_CONVERSION = YES;
				CLANG_WARN_COMMA = YES;
				CLANG_WARN_CONSTANT_CONVERSION = YES;
				CLANG_WARN_DEPRECATED_OBJC_IMPLEMENTATIONS = YES;
				CLANG_WARN_DIRECT_OBJC_ISA_USAGE = YES_ERROR;
				CLANG_WARN_DOCUMENTATION_COMMENTS = YES;
				CLANG_WARN_EMPTY_BODY = YES;
				CLANG_WARN_ENUM_CONVERSION = YES;
				CLANG_WARN_INFINITE_RECURSION = YES;
				CLANG_WARN_INT_CONVERSION = YES;
				CLANG_WARN_NON_LITERAL_NULL_CONVERSION = YES;
				CLANG_WARN_OBJC_IMPLICIT_RETAIN_SELF = YES;
				CLANG_WARN_OBJC_LITERAL_CONVERSION = YES;
				CLANG_WARN_OBJC_ROOT_CLASS = YES_ERROR;
				CLANG_WARN_QUOTED_INCLUDE_IN_FRAMEWORK_HEADER = YES;
				CLANG_WARN_RANGE_LOOP_ANALYSIS = YES;
				CLANG_WARN_STRICT_PROTOTYPES = YES;
				CLANG_WARN_SUSPICIOUS_MOVE = YES;
				CLANG_WARN_UNGUARDED_AVAILABILITY = YES_AGGRESSIVE;
				CLANG_WARN_UNREACHABLE_CODE = YES;
				CLANG_WARN__DUPLICATE_METHOD_MATCH = YES;
				CODE_SIGN_STYLE = Manual;
				COPY_PHASE_STRIP = NO;
				DEAD_CODE_STRIPPING = YES;
				DEBUG_INFORMATION_FORMAT = dwarf;
				DEVELOPMENT_TEAM = "$(CFG_TEAM_ID)";
				ENABLE_HARDENED_RUNTIME = YES;
				ENABLE_STRICT_OBJC_MSGSEND = YES;
				ENABLE_TESTABILITY = YES;
				ENABLE_USER_SCRIPT_SANDBOXING = NO;
				GCC_C_LANGUAGE_STANDARD = gnu17;
				GCC_DYNAMIC_NO_PIC = NO;
				GCC_NO_COMMON_BLOCKS = YES;
				GCC_OPTIMIZATION_LEVEL = 0;
				GCC_PREPROCESSOR_DEFINITIONS = (
					"DEBUG=1",
					"$(inherited)",
				);
				GCC_WARN_64_TO_32_BIT_CONVERSION = YES;
				GCC_WARN_ABOUT_RETURN_TYPE = YES_ERROR;
				GCC_WARN_UNDECLARED_SELECTOR = YES;
				GCC_WARN_UNINITIALIZED_AUTOS = YES_AGGRESSIVE;
				GCC_WARN_UNUSED_FUNCTION = YES;
				GCC_WARN_UNUSED_VARIABLE = YES;
				GENERATE_INFOPLIST_FILE = YES;
				INFOPLIST_KEY_CFBundleDisplayName = "$(CFG_DISPLAY_NAME)";
				INFOPLIST_KEY_NSHumanReadableCopyright = "$(CFG_COPYRIGHT)";
				INFOPLIST_KEY_UIRequiredDeviceCapabilities = arm64;
				IPHONEOS_DEPLOYMENT_TARGET = 16.0;
				LOCALIZATION_PREFERS_STRING_CATALOGS = YES;
				MACOSX_DEPLOYMENT_TARGET = 13.0;
				MTL_ENABLE_DEBUG_INFO = INCLUDE_SOURCE;
				MTL_FAST_MATH = YES;
				ONLY_ACTIVE_ARCH = YES;
				SUPPORTED_PLATFORMS = "appletvos appletvsimulator iphoneos iphonesimulator macosx";
				SUPPORTS_MACCATALYST = NO;
				SUPPORTS_MAC_DESIGNED_FOR_IPHONE_IPAD = NO;
				SUPPORTS_XR_DESIGNED_FOR_IPHONE_IPAD = NO;
				SWIFT_ACTIVE_COMPILATION_CONDITIONS = "DEBUG $(inherited)";
				SWIFT_OPTIMIZATION_LEVEL = "-Onone";
				SWIFT_STRICT_CONCURRENCY = complete;
				SWIFT_VERSION = 5.0;
				TARGETED_DEVICE_FAMILY = "1,2,3";
				TVOS_DEPLOYMENT_TARGET = 17.0;
				VERSIONING_SYSTEM = "apple-generic";
			};
			name = Debug;
		};
		0E06D19D2B87629200176E1D /* Release */ = {
			isa = XCBuildConfiguration;
			baseConfigurationReference = 0E8D852F2C328CA1005493DE /* Config.xcconfig */;
			buildSettings = {
				ALLOW_TARGET_PLATFORM_SPECIALIZATION = YES;
				ALWAYS_SEARCH_USER_PATHS = NO;
				ARCHS = "$(ARCHS_STANDARD)";
				ASSETCATALOG_COMPILER_GENERATE_SWIFT_ASSET_SYMBOL_EXTENSIONS = YES;
				CLANG_ANALYZER_NONNULL = YES;
				CLANG_ANALYZER_NUMBER_OBJECT_CONVERSION = YES_AGGRESSIVE;
				CLANG_CXX_LANGUAGE_STANDARD = "gnu++20";
				CLANG_ENABLE_MODULES = YES;
				CLANG_ENABLE_OBJC_ARC = YES;
				CLANG_ENABLE_OBJC_WEAK = YES;
				CLANG_WARN_BLOCK_CAPTURE_AUTORELEASING = YES;
				CLANG_WARN_BOOL_CONVERSION = YES;
				CLANG_WARN_COMMA = YES;
				CLANG_WARN_CONSTANT_CONVERSION = YES;
				CLANG_WARN_DEPRECATED_OBJC_IMPLEMENTATIONS = YES;
				CLANG_WARN_DIRECT_OBJC_ISA_USAGE = YES_ERROR;
				CLANG_WARN_DOCUMENTATION_COMMENTS = YES;
				CLANG_WARN_EMPTY_BODY = YES;
				CLANG_WARN_ENUM_CONVERSION = YES;
				CLANG_WARN_INFINITE_RECURSION = YES;
				CLANG_WARN_INT_CONVERSION = YES;
				CLANG_WARN_NON_LITERAL_NULL_CONVERSION = YES;
				CLANG_WARN_OBJC_IMPLICIT_RETAIN_SELF = YES;
				CLANG_WARN_OBJC_LITERAL_CONVERSION = YES;
				CLANG_WARN_OBJC_ROOT_CLASS = YES_ERROR;
				CLANG_WARN_QUOTED_INCLUDE_IN_FRAMEWORK_HEADER = YES;
				CLANG_WARN_RANGE_LOOP_ANALYSIS = YES;
				CLANG_WARN_STRICT_PROTOTYPES = YES;
				CLANG_WARN_SUSPICIOUS_MOVE = YES;
				CLANG_WARN_UNGUARDED_AVAILABILITY = YES_AGGRESSIVE;
				CLANG_WARN_UNREACHABLE_CODE = YES;
				CLANG_WARN__DUPLICATE_METHOD_MATCH = YES;
				CODE_SIGN_IDENTITY = "Apple Distribution";
				CODE_SIGN_STYLE = Manual;
				COPY_PHASE_STRIP = NO;
				DEAD_CODE_STRIPPING = YES;
				DEBUG_INFORMATION_FORMAT = "dwarf-with-dsym";
				DEVELOPMENT_TEAM = "$(CFG_TEAM_ID)";
				ENABLE_HARDENED_RUNTIME = YES;
				ENABLE_NS_ASSERTIONS = NO;
				ENABLE_STRICT_OBJC_MSGSEND = YES;
				ENABLE_USER_SCRIPT_SANDBOXING = NO;
				GCC_C_LANGUAGE_STANDARD = gnu17;
				GCC_NO_COMMON_BLOCKS = YES;
				GCC_WARN_64_TO_32_BIT_CONVERSION = YES;
				GCC_WARN_ABOUT_RETURN_TYPE = YES_ERROR;
				GCC_WARN_UNDECLARED_SELECTOR = YES;
				GCC_WARN_UNINITIALIZED_AUTOS = YES_AGGRESSIVE;
				GCC_WARN_UNUSED_FUNCTION = YES;
				GCC_WARN_UNUSED_VARIABLE = YES;
				GENERATE_INFOPLIST_FILE = YES;
				INFOPLIST_KEY_CFBundleDisplayName = "$(CFG_DISPLAY_NAME)";
				INFOPLIST_KEY_NSHumanReadableCopyright = "$(CFG_COPYRIGHT)";
				INFOPLIST_KEY_UIRequiredDeviceCapabilities = arm64;
				IPHONEOS_DEPLOYMENT_TARGET = 16.0;
				LOCALIZATION_PREFERS_STRING_CATALOGS = YES;
				MACOSX_DEPLOYMENT_TARGET = 13.0;
				MTL_ENABLE_DEBUG_INFO = NO;
				MTL_FAST_MATH = YES;
				SUPPORTED_PLATFORMS = "appletvos appletvsimulator iphoneos iphonesimulator macosx";
				SUPPORTS_MACCATALYST = NO;
				SUPPORTS_MAC_DESIGNED_FOR_IPHONE_IPAD = NO;
				SUPPORTS_XR_DESIGNED_FOR_IPHONE_IPAD = NO;
				SWIFT_COMPILATION_MODE = wholemodule;
				SWIFT_STRICT_CONCURRENCY = complete;
				SWIFT_VERSION = 5.0;
				TARGETED_DEVICE_FAMILY = "1,2,3";
				TVOS_DEPLOYMENT_TARGET = 17.0;
				VERSIONING_SYSTEM = "apple-generic";
			};
			name = Release;
		};
		0E06D19F2B87629200176E1D /* Debug */ = {
			isa = XCBuildConfiguration;
			buildSettings = {
				ASSETCATALOG_COMPILER_APPICON_NAME = AppIcon;
				"ASSETCATALOG_COMPILER_APPICON_NAME[sdk=appletvos*]" = TV;
				ASSETCATALOG_COMPILER_GLOBAL_ACCENT_COLOR_NAME = AccentColor;
				CODE_SIGN_ENTITLEMENTS = Passepartout/App/App.entitlements;
				CURRENT_PROJECT_VERSION = 3657;
				ENABLE_PREVIEWS = YES;
				INFOPLIST_FILE = Passepartout/App/App.plist;
				INFOPLIST_KEY_CFBundleDisplayName = "$(TARGET_NAME)";
				INFOPLIST_KEY_LSApplicationCategoryType = "public.app-category.utilities";
				INFOPLIST_KEY_LSSupportsOpeningDocumentsInPlace = YES;
				INFOPLIST_KEY_NSHumanReadableCopyright = "$(CFG_COPYRIGHT)";
				INFOPLIST_KEY_NSLocationWhenInUseUsageDescription = dummy;
				"INFOPLIST_KEY_UIApplicationSceneManifest_Generation[sdk=iphoneos*]" = YES;
				"INFOPLIST_KEY_UIApplicationSceneManifest_Generation[sdk=iphonesimulator*]" = YES;
				"INFOPLIST_KEY_UIApplicationSupportsIndirectInputEvents[sdk=iphoneos*]" = YES;
				"INFOPLIST_KEY_UIApplicationSupportsIndirectInputEvents[sdk=iphonesimulator*]" = YES;
				INFOPLIST_KEY_UILaunchStoryboardName = LaunchScreen;
				INFOPLIST_KEY_UIRequiredDeviceCapabilities = arm64;
				"INFOPLIST_KEY_UIStatusBarStyle[sdk=iphoneos*]" = UIStatusBarStyleDefault;
				"INFOPLIST_KEY_UIStatusBarStyle[sdk=iphonesimulator*]" = UIStatusBarStyleDefault;
				INFOPLIST_KEY_UISupportedInterfaceOrientations_iPad = "UIInterfaceOrientationPortrait UIInterfaceOrientationPortraitUpsideDown UIInterfaceOrientationLandscapeLeft UIInterfaceOrientationLandscapeRight";
				INFOPLIST_KEY_UISupportedInterfaceOrientations_iPhone = "UIInterfaceOrientationPortrait UIInterfaceOrientationLandscapeLeft UIInterfaceOrientationLandscapeRight";
				INFOPLIST_KEY_UISupportsDocumentBrowser = NO;
				LD_RUNPATH_SEARCH_PATHS = "@executable_path/Frameworks";
				"LD_RUNPATH_SEARCH_PATHS[sdk=macosx*]" = "@executable_path/../Frameworks";
				MARKETING_VERSION = 3.0.0;
				PRODUCT_BUNDLE_IDENTIFIER = "$(CFG_APP_ID)";
				PRODUCT_NAME = "$(TARGET_NAME)";
				PROVISIONING_PROFILE_SPECIFIER = "";
				"PROVISIONING_PROFILE_SPECIFIER[sdk=appletvos*]" = "match Development com.algoritmico.ios.Passepartout tvos";
				"PROVISIONING_PROFILE_SPECIFIER[sdk=iphoneos*]" = "match Development com.algoritmico.ios.Passepartout";
				"PROVISIONING_PROFILE_SPECIFIER[sdk=macosx*]" = "match Development com.algoritmico.ios.Passepartout macos";
				SWIFT_EMIT_LOC_STRINGS = YES;
			};
			name = Debug;
		};
		0E06D1A02B87629200176E1D /* Release */ = {
			isa = XCBuildConfiguration;
			buildSettings = {
				ASSETCATALOG_COMPILER_APPICON_NAME = AppIcon;
				"ASSETCATALOG_COMPILER_APPICON_NAME[sdk=appletvos*]" = TV;
				ASSETCATALOG_COMPILER_GLOBAL_ACCENT_COLOR_NAME = AccentColor;
				CODE_SIGN_ENTITLEMENTS = Passepartout/App/App.entitlements;
				CURRENT_PROJECT_VERSION = 3657;
				ENABLE_PREVIEWS = YES;
				INFOPLIST_FILE = Passepartout/App/App.plist;
				INFOPLIST_KEY_CFBundleDisplayName = "$(TARGET_NAME)";
				INFOPLIST_KEY_LSApplicationCategoryType = "public.app-category.utilities";
				INFOPLIST_KEY_LSSupportsOpeningDocumentsInPlace = YES;
				INFOPLIST_KEY_NSHumanReadableCopyright = "$(CFG_COPYRIGHT)";
				INFOPLIST_KEY_NSLocationWhenInUseUsageDescription = dummy;
				"INFOPLIST_KEY_UIApplicationSceneManifest_Generation[sdk=iphoneos*]" = YES;
				"INFOPLIST_KEY_UIApplicationSceneManifest_Generation[sdk=iphonesimulator*]" = YES;
				"INFOPLIST_KEY_UIApplicationSupportsIndirectInputEvents[sdk=iphoneos*]" = YES;
				"INFOPLIST_KEY_UIApplicationSupportsIndirectInputEvents[sdk=iphonesimulator*]" = YES;
				INFOPLIST_KEY_UILaunchStoryboardName = LaunchScreen;
				INFOPLIST_KEY_UIRequiredDeviceCapabilities = arm64;
				"INFOPLIST_KEY_UIStatusBarStyle[sdk=iphoneos*]" = UIStatusBarStyleDefault;
				"INFOPLIST_KEY_UIStatusBarStyle[sdk=iphonesimulator*]" = UIStatusBarStyleDefault;
				INFOPLIST_KEY_UISupportedInterfaceOrientations_iPad = "UIInterfaceOrientationPortrait UIInterfaceOrientationPortraitUpsideDown UIInterfaceOrientationLandscapeLeft UIInterfaceOrientationLandscapeRight";
				INFOPLIST_KEY_UISupportedInterfaceOrientations_iPhone = "UIInterfaceOrientationPortrait UIInterfaceOrientationLandscapeLeft UIInterfaceOrientationLandscapeRight";
				INFOPLIST_KEY_UISupportsDocumentBrowser = NO;
				LD_RUNPATH_SEARCH_PATHS = "@executable_path/Frameworks";
				"LD_RUNPATH_SEARCH_PATHS[sdk=macosx*]" = "@executable_path/../Frameworks";
				MARKETING_VERSION = 3.0.0;
				PRODUCT_BUNDLE_IDENTIFIER = "$(CFG_APP_ID)";
				PRODUCT_NAME = "$(TARGET_NAME)";
				PROVISIONING_PROFILE_SPECIFIER = "";
				"PROVISIONING_PROFILE_SPECIFIER[sdk=appletvos*]" = "match AppStore com.algoritmico.ios.Passepartout tvos";
				"PROVISIONING_PROFILE_SPECIFIER[sdk=iphoneos*]" = "match AppStore com.algoritmico.ios.Passepartout";
				"PROVISIONING_PROFILE_SPECIFIER[sdk=macosx*]" = "match AppStore com.algoritmico.ios.Passepartout macos";
				SWIFT_EMIT_LOC_STRINGS = YES;
			};
			name = Release;
		};
		0E3FF4B52CE3AF6F00BFF640 /* Debug */ = {
			isa = XCBuildConfiguration;
			buildSettings = {
				ALLOW_TARGET_PLATFORM_SPECIALIZATION = YES;
				BUNDLE_LOADER = "$(TEST_HOST)";
				ENABLE_USER_SCRIPT_SANDBOXING = YES;
				PRODUCT_BUNDLE_IDENTIFIER = com.algoritmico.ios.PassepartoutTests;
				PRODUCT_NAME = "$(TARGET_NAME)";
				SUPPORTED_PLATFORMS = "iphonesimulator iphoneos";
				TEST_HOST = "$(BUILT_PRODUCTS_DIR)/Passepartout.app/$(BUNDLE_EXECUTABLE_FOLDER_PATH)/Passepartout";
			};
			name = Debug;
		};
		0E3FF4B62CE3AF6F00BFF640 /* Release */ = {
			isa = XCBuildConfiguration;
			buildSettings = {
				ALLOW_TARGET_PLATFORM_SPECIALIZATION = YES;
				BUNDLE_LOADER = "$(TEST_HOST)";
				ENABLE_USER_SCRIPT_SANDBOXING = YES;
				PRODUCT_BUNDLE_IDENTIFIER = com.algoritmico.ios.PassepartoutTests;
				PRODUCT_NAME = "$(TARGET_NAME)";
				SUPPORTED_PLATFORMS = "iphonesimulator iphoneos";
				TEST_HOST = "$(BUILT_PRODUCTS_DIR)/Passepartout.app/$(BUNDLE_EXECUTABLE_FOLDER_PATH)/Passepartout";
			};
			name = Release;
		};
		0E757F1C2CD0CFFD006E13E1 /* Debug */ = {
			isa = XCBuildConfiguration;
			buildSettings = {
				CODE_SIGN_ENTITLEMENTS = Passepartout/LoginItem/LoginItem.entitlements;
				CODE_SIGN_STYLE = Manual;
				CURRENT_PROJECT_VERSION = 3657;
				ENABLE_HARDENED_RUNTIME = YES;
				ENABLE_USER_SCRIPT_SANDBOXING = YES;
				INFOPLIST_KEY_CFBundleDisplayName = "$(TARGET_NAME)";
				INFOPLIST_KEY_LSBackgroundOnly = YES;
				INFOPLIST_KEY_LSUIElement = YES;
				INFOPLIST_KEY_NSHumanReadableCopyright = "$(CFG_COPYRIGHT)";
				INFOPLIST_KEY_UIRequiredDeviceCapabilities = arm64;
				LD_RUNPATH_SEARCH_PATHS = "@executable_path/../Frameworks";
				MARKETING_VERSION = 3.0.0;
				PRODUCT_BUNDLE_IDENTIFIER = "$(CFG_LOGIN_ITEM_ID)";
				PRODUCT_NAME = "$(TARGET_NAME)";
				SDKROOT = macosx;
				SKIP_INSTALL = YES;
				SUPPORTED_PLATFORMS = macosx;
				SWIFT_EMIT_LOC_STRINGS = YES;
				TARGETED_DEVICE_FAMILY = "1,2";
			};
			name = Debug;
		};
		0E757F1D2CD0CFFD006E13E1 /* Release */ = {
			isa = XCBuildConfiguration;
			buildSettings = {
				CODE_SIGN_ENTITLEMENTS = Passepartout/LoginItem/LoginItem.entitlements;
				CODE_SIGN_STYLE = Manual;
				CURRENT_PROJECT_VERSION = 3657;
				ENABLE_HARDENED_RUNTIME = YES;
				ENABLE_USER_SCRIPT_SANDBOXING = YES;
				INFOPLIST_KEY_CFBundleDisplayName = "$(TARGET_NAME)";
				INFOPLIST_KEY_LSBackgroundOnly = YES;
				INFOPLIST_KEY_LSUIElement = YES;
				INFOPLIST_KEY_NSHumanReadableCopyright = "$(CFG_COPYRIGHT)";
				INFOPLIST_KEY_UIRequiredDeviceCapabilities = arm64;
				LD_RUNPATH_SEARCH_PATHS = "@executable_path/../Frameworks";
				MARKETING_VERSION = 3.0.0;
				PRODUCT_BUNDLE_IDENTIFIER = "$(CFG_LOGIN_ITEM_ID)";
				PRODUCT_NAME = "$(TARGET_NAME)";
				SDKROOT = macosx;
				SKIP_INSTALL = YES;
				SUPPORTED_PLATFORMS = macosx;
				SWIFT_EMIT_LOC_STRINGS = YES;
				TARGETED_DEVICE_FAMILY = "1,2";
			};
			name = Release;
		};
		0EC332D42B8A1808000B9C2F /* Debug */ = {
			isa = XCBuildConfiguration;
			buildSettings = {
				CODE_SIGN_ENTITLEMENTS = Passepartout/Tunnel/Tunnel.entitlements;
				CURRENT_PROJECT_VERSION = 3657;
				INFOPLIST_FILE = Passepartout/Tunnel/Tunnel.plist;
				INFOPLIST_KEY_CFBundleDisplayName = "$(TARGET_NAME)";
				INFOPLIST_KEY_NSHumanReadableCopyright = "$(CFG_COPYRIGHT)";
				INFOPLIST_KEY_UIRequiredDeviceCapabilities = arm64;
				LD_RUNPATH_SEARCH_PATHS = (
					"$(inherited)",
					"@executable_path/../../Frameworks",
				);
				"LD_RUNPATH_SEARCH_PATHS[sdk=macosx*]" = "@executable_path/../../../../Frameworks";
				MARKETING_VERSION = 3.0.0;
				PRODUCT_BUNDLE_IDENTIFIER = "$(CFG_TUNNEL_ID)";
				PRODUCT_NAME = "$(TARGET_NAME)";
				PROVISIONING_PROFILE_SPECIFIER = "";
				"PROVISIONING_PROFILE_SPECIFIER[sdk=appletvos*]" = "match Development com.algoritmico.ios.Passepartout.Tunnel tvos";
				"PROVISIONING_PROFILE_SPECIFIER[sdk=iphoneos*]" = "match Development com.algoritmico.ios.Passepartout.Tunnel";
				"PROVISIONING_PROFILE_SPECIFIER[sdk=macosx*]" = "match Development com.algoritmico.ios.Passepartout.Tunnel macos";
				SKIP_INSTALL = YES;
				SWIFT_EMIT_LOC_STRINGS = YES;
			};
			name = Debug;
		};
		0EC332D52B8A1808000B9C2F /* Release */ = {
			isa = XCBuildConfiguration;
			buildSettings = {
				CODE_SIGN_ENTITLEMENTS = Passepartout/Tunnel/Tunnel.entitlements;
				CURRENT_PROJECT_VERSION = 3657;
				INFOPLIST_FILE = Passepartout/Tunnel/Tunnel.plist;
				INFOPLIST_KEY_CFBundleDisplayName = "$(TARGET_NAME)";
				INFOPLIST_KEY_NSHumanReadableCopyright = "$(CFG_COPYRIGHT)";
				INFOPLIST_KEY_UIRequiredDeviceCapabilities = arm64;
				LD_RUNPATH_SEARCH_PATHS = "@executable_path/../../Frameworks";
				"LD_RUNPATH_SEARCH_PATHS[sdk=macosx*]" = "@executable_path/../../../../Frameworks";
				MARKETING_VERSION = 3.0.0;
				PRODUCT_BUNDLE_IDENTIFIER = "$(CFG_TUNNEL_ID)";
				PRODUCT_NAME = "$(TARGET_NAME)";
				PROVISIONING_PROFILE_SPECIFIER = "";
				"PROVISIONING_PROFILE_SPECIFIER[sdk=appletvos*]" = "match AppStore com.algoritmico.ios.Passepartout.Tunnel tvos";
				"PROVISIONING_PROFILE_SPECIFIER[sdk=iphoneos*]" = "match AppStore com.algoritmico.ios.Passepartout.Tunnel";
				"PROVISIONING_PROFILE_SPECIFIER[sdk=macosx*]" = "match AppStore com.algoritmico.ios.Passepartout.Tunnel macos";
				SKIP_INSTALL = YES;
				SWIFT_EMIT_LOC_STRINGS = YES;
			};
			name = Release;
		};
		0EDE56FC2CABE42E0082D21C /* Debug */ = {
			isa = XCBuildConfiguration;
			buildSettings = {
				CODE_SIGN_ENTITLEMENTS = Passepartout/Intents/Intents.entitlements;
				CURRENT_PROJECT_VERSION = 3657;
				ENABLE_USER_SCRIPT_SANDBOXING = YES;
				GENERATE_INFOPLIST_FILE = YES;
				INFOPLIST_FILE = Passepartout/Intents/Intents.plist;
				INFOPLIST_KEY_CFBundleDisplayName = "$(TARGET_NAME)";
				INFOPLIST_KEY_NSHumanReadableCopyright = "$(CFG_COPYRIGHT)";
				INFOPLIST_KEY_UIRequiredDeviceCapabilities = arm64;
				LD_RUNPATH_SEARCH_PATHS = (
					"$(inherited)",
					"@executable_path/../../Frameworks",
				);
				"LD_RUNPATH_SEARCH_PATHS[sdk=macosx*]" = "@executable_path/../../../../Frameworks";
				MARKETING_VERSION = 3.0.0;
				PRODUCT_BUNDLE_IDENTIFIER = com.algoritmico.ios.Passepartout.Intents;
				PRODUCT_NAME = "$(TARGET_NAME)";
				PROVISIONING_PROFILE_SPECIFIER = "";
				"PROVISIONING_PROFILE_SPECIFIER[sdk=appletvos*]" = "match Development com.algoritmico.ios.Passepartout.Intents tvos";
				"PROVISIONING_PROFILE_SPECIFIER[sdk=iphoneos*]" = "match Development com.algoritmico.ios.Passepartout.Intents";
				"PROVISIONING_PROFILE_SPECIFIER[sdk=macosx*]" = "match Development com.algoritmico.ios.Passepartout.Intents macos";
				SDKROOT = macosx;
				SKIP_INSTALL = YES;
				SUPPORTED_PLATFORMS = "appletvos appletvsimulator iphoneos iphonesimulator macosx";
				SWIFT_EMIT_LOC_STRINGS = YES;
				SWIFT_VERSION = 5.0;
			};
			name = Debug;
		};
		0EDE56FD2CABE42E0082D21C /* Release */ = {
			isa = XCBuildConfiguration;
			buildSettings = {
				CODE_SIGN_ENTITLEMENTS = Passepartout/Intents/Intents.entitlements;
				CURRENT_PROJECT_VERSION = 3657;
				ENABLE_USER_SCRIPT_SANDBOXING = YES;
				GENERATE_INFOPLIST_FILE = YES;
				INFOPLIST_FILE = Passepartout/Intents/Intents.plist;
				INFOPLIST_KEY_CFBundleDisplayName = "$(TARGET_NAME)";
				INFOPLIST_KEY_NSHumanReadableCopyright = "$(CFG_COPYRIGHT)";
				INFOPLIST_KEY_UIRequiredDeviceCapabilities = arm64;
				LD_RUNPATH_SEARCH_PATHS = "@executable_path/../../Frameworks";
				"LD_RUNPATH_SEARCH_PATHS[sdk=macosx*]" = "@executable_path/../../../../Frameworks";
				MARKETING_VERSION = 3.0.0;
				PRODUCT_BUNDLE_IDENTIFIER = com.algoritmico.ios.Passepartout.Intents;
				PRODUCT_NAME = "$(TARGET_NAME)";
				"PROVISIONING_PROFILE_SPECIFIER[sdk=appletvos*]" = "match AppStore com.algoritmico.ios.Passepartout.Intents tvos";
				"PROVISIONING_PROFILE_SPECIFIER[sdk=iphoneos*]" = "match AppStore com.algoritmico.ios.Passepartout.Intents";
				"PROVISIONING_PROFILE_SPECIFIER[sdk=macosx*]" = "match AppStore com.algoritmico.ios.Passepartout.Intents macos";
				SDKROOT = macosx;
				SKIP_INSTALL = YES;
				SUPPORTED_PLATFORMS = "appletvos appletvsimulator iphoneos iphonesimulator macosx";
				SWIFT_EMIT_LOC_STRINGS = YES;
				SWIFT_VERSION = 5.0;
			};
			name = Release;
		};
/* End XCBuildConfiguration section */

/* Begin XCConfigurationList section */
		0E06D18A2B87629100176E1D /* Build configuration list for PBXProject "Passepartout" */ = {
			isa = XCConfigurationList;
			buildConfigurations = (
				0E06D19C2B87629200176E1D /* Debug */,
				0E06D19D2B87629200176E1D /* Release */,
			);
			defaultConfigurationIsVisible = 0;
			defaultConfigurationName = Release;
		};
		0E06D19E2B87629200176E1D /* Build configuration list for PBXNativeTarget "Passepartout" */ = {
			isa = XCConfigurationList;
			buildConfigurations = (
				0E06D19F2B87629200176E1D /* Debug */,
				0E06D1A02B87629200176E1D /* Release */,
			);
			defaultConfigurationIsVisible = 0;
			defaultConfigurationName = Release;
		};
		0E3FF4B42CE3AF6F00BFF640 /* Build configuration list for PBXNativeTarget "PassepartoutTests" */ = {
			isa = XCConfigurationList;
			buildConfigurations = (
				0E3FF4B52CE3AF6F00BFF640 /* Debug */,
				0E3FF4B62CE3AF6F00BFF640 /* Release */,
			);
			defaultConfigurationIsVisible = 0;
			defaultConfigurationName = Release;
		};
		0E757F1E2CD0CFFD006E13E1 /* Build configuration list for PBXNativeTarget "PassepartoutLoginItem" */ = {
			isa = XCConfigurationList;
			buildConfigurations = (
				0E757F1C2CD0CFFD006E13E1 /* Debug */,
				0E757F1D2CD0CFFD006E13E1 /* Release */,
			);
			defaultConfigurationIsVisible = 0;
			defaultConfigurationName = Release;
		};
		0EC332D32B8A1808000B9C2F /* Build configuration list for PBXNativeTarget "PassepartoutTunnel" */ = {
			isa = XCConfigurationList;
			buildConfigurations = (
				0EC332D42B8A1808000B9C2F /* Debug */,
				0EC332D52B8A1808000B9C2F /* Release */,
			);
			defaultConfigurationIsVisible = 0;
			defaultConfigurationName = Release;
		};
		0EDE56FB2CABE42E0082D21C /* Build configuration list for PBXNativeTarget "PassepartoutIntents" */ = {
			isa = XCConfigurationList;
			buildConfigurations = (
				0EDE56FC2CABE42E0082D21C /* Debug */,
				0EDE56FD2CABE42E0082D21C /* Release */,
			);
			defaultConfigurationIsVisible = 0;
			defaultConfigurationName = Release;
		};
/* End XCConfigurationList section */

/* Begin XCSwiftPackageProductDependency section */
		0E3E22952CE53510005135DF /* AppUIMain */ = {
			isa = XCSwiftPackageProductDependency;
			productName = AppUIMain;
		};
		0E3E22972CE53510005135DF /* AppUITV */ = {
			isa = XCSwiftPackageProductDependency;
			productName = AppUITV;
		};
		0E60512B2CE5393C00F763D4 /* PassepartoutImplementations */ = {
			isa = XCSwiftPackageProductDependency;
			productName = PassepartoutImplementations;
		};
		0E6C0A022BF4047100450362 /* AppLibrary */ = {
			isa = XCSwiftPackageProductDependency;
			productName = AppLibrary;
		};
		0E6C0A042BF4047600450362 /* TunnelLibrary */ = {
			isa = XCSwiftPackageProductDependency;
			productName = TunnelLibrary;
		};
		0EBE80DB2BF55C0E00E36A20 /* TunnelLibrary */ = {
			isa = XCSwiftPackageProductDependency;
			productName = TunnelLibrary;
		};
		0EF5FE4C2CE53B1C00EC2CD4 /* PassepartoutImplementations */ = {
			isa = XCSwiftPackageProductDependency;
			productName = PassepartoutImplementations;
		};
		0EF5FE4E2CE53BCE00EC2CD4 /* LegacyV2 */ = {
			isa = XCSwiftPackageProductDependency;
			productName = LegacyV2;
		};
/* End XCSwiftPackageProductDependency section */
	};
	rootObject = 0E06D1872B87629100176E1D /* Project object */;
}
