PODS:
  - MBProgressHUD (1.1.0)
  - OpenSSL-Apple (1.1.0i.2)
  - SwiftyBeaver (1.6.2)
  - TunnelKit (1.4.1):
    - TunnelKit/AppExtension (= 1.4.1)
    - TunnelKit/Core (= 1.4.1)
  - TunnelKit/AppExtension (1.4.1):
    - SwiftyBeaver
    - TunnelKit/Core
  - TunnelKit/Core (1.4.1):
    - OpenSSL-Apple (~> 1.1.0i.2)
    - SwiftyBeaver

DEPENDENCIES:
  - MBProgressHUD
  - TunnelKit (~> 1.4.1)

SPEC REPOS:
  https://github.com/cocoapods/specs.git:
    - MBProgressHUD
    - OpenSSL-Apple
    - SwiftyBeaver
    - TunnelKit

SPEC CHECKSUMS:
  MBProgressHUD: e7baa36a220447d8aeb12769bf0585582f3866d9
  OpenSSL-Apple: 37a8c0b04df4bb8971deef4671cc29222861319c
  SwiftyBeaver: 8e67ab3cd94389cbbb7a9c7cc02748d98bfee68e
  TunnelKit: 70ddc98c13f9fd13643b21ba741a1a83044bb1a1

PODFILE CHECKSUM: 2f8de332adbbf557b4d4fab6da64026667df4e11

COCOAPODS: 1.6.1
