PODS:
  - MBProgressHUD (1.1.0)
  - OpenSSL-Apple (1.1.0i.2)
  - SwiftyBeaver (1.6.2)
  - TunnelKit (1.4.1):
    - TunnelKit/AppExtension (= 1.4.1)
    - TunnelKit/Core (= 1.4.1)
  - TunnelKit/AppExtension (1.4.1):
    - SwiftyBeaver
    - TunnelKit/Core
  - TunnelKit/Core (1.4.1):
    - OpenSSL-Apple (~> 1.1.0i.2)
    - SwiftyBeaver

DEPENDENCIES:
  - MBProgressHUD
  - TunnelKit (from `https://github.com/keeshux/tunnelkit`, commit `0e891a1`)

SPEC REPOS:
  https://github.com/cocoapods/specs.git:
    - MBProgressHUD
    - OpenSSL-Apple
    - SwiftyBeaver

EXTERNAL SOURCES:
  TunnelKit:
    :commit: 0e891a1
    :git: https://github.com/keeshux/tunnelkit

CHECKOUT OPTIONS:
  TunnelKit:
    :commit: 0e891a1
    :git: https://github.com/keeshux/tunnelkit

SPEC CHECKSUMS:
  MBProgressHUD: e7baa36a220447d8aeb12769bf0585582f3866d9
  OpenSSL-Apple: 37a8c0b04df4bb8971deef4671cc29222861319c
  SwiftyBeaver: 8e67ab3cd94389cbbb7a9c7cc02748d98bfee68e
  TunnelKit: b7fc176af437efcfed5526e1c496c728c0eeb649

PODFILE CHECKSUM: e49ff648ed7d9c4db6c52995875f46a0c6edf0da

COCOAPODS: 1.5.3
