{
  "originHash" : "050a42525df3c000d8f8ccd3b997e20d2c8023633f3651d9a40dc0932fa4b5bb",
  "pins" : [
    {
      "identity" : "openssl-apple",
      "kind" : "remoteSourceControl",
      "location" : "https://github.com/passepartoutvpn/openssl-apple",
      "state" : {
        "revision" : "4ae97d5f0d2a449441f87a775db1b815bf7b2671",
        "version" : "3.5.200"
      }
    },
    {
      "identity" : "wg-go-apple",
      "kind" : "remoteSourceControl",
      "location" : "https://github.com/passepartoutvpn/wg-go-apple",
      "state" : {
        "revision" : "1fbdb00e6617864f950685168f3e3f7ca76b2ab4",
        "version" : "0.0.20250630"
      }
    }
  ],
  "version" : 3
}
