{
  "object": {
    "pins": [
      {
        "package": "Convenience",
        "repositoryURL": "https://github.com/keeshux/convenience",
        "state": {
          "branch": null,
          "revision": "347105ec0ce27cd4255acf9875fd60ad1f213801",
          "version": null
        }
      },
      {
        "package": "DTFoundation",
        "repositoryURL": "https://github.com/Cocoanetics/DTFoundation.git",
        "state": {
          "branch": null,
          "revision": "76062513434421cb6c8a1ae1d4f8368a7ebc2da3",
          "version": "1.7.18"
        }
      },
      {
        "package": "FontAwesome",
        "repositoryURL": "https://github.com/thii/FontAwesome.swift",
        "state": {
          "branch": null,
          "revision": "07883a32d49dfc7bdedbeea115067b53dfbeeb43",
          "version": "1.9.1"
        }
      },
      {
        "package": "Kvitto",
        "repositoryURL": "https://github.com/Cocoanetics/Kvitto",
        "state": {
          "branch": null,
          "revision": "88888674d772ddcf19671159ed0022cb0bc37be2",
          "version": "1.0.6"
        }
      },
      {
        "package": "MBProgressHUD",
        "repositoryURL": "https://github.com/jdg/MBProgressHUD",
        "state": {
          "branch": null,
          "revision": "bca42b801100b2b3a4eda0ba8dd33d858c780b0d",
          "version": "1.2.0"
        }
      },
      {
        "package": "swift-nio",
        "repositoryURL": "https://github.com/apple/swift-nio.git",
        "state": {
          "branch": null,
          "revision": "addf69cfe60376c325397c8926589415576b1dd1",
          "version": "2.34.0"
        }
      },
      {
        "package": "swift-nio-ssl",
        "repositoryURL": "https://github.com/apple/swift-nio-ssl",
        "state": {
          "branch": null,
          "revision": "08e701df9a3b9108c56f1aef5d9ef9a78fda2846",
          "version": "2.16.2"
        }
      },
      {
        "package": "SwiftyBeaver",
        "repositoryURL": "https://github.com/SwiftyBeaver/SwiftyBeaver",
        "state": {
          "branch": null,
          "revision": "2c039501d6eeb4d4cd4aec4a8d884ad28862e044",
          "version": "1.9.5"
        }
      },
      {
        "package": "TunnelKit",
        "repositoryURL": "https://github.com/passepartoutvpn/tunnelkit",
        "state": {
          "branch": null,
          "revision": "333fc2f6eda4c36af2e1890c33d83662ee76779d",
          "version": "4.0.1"
        }
      }
    ]
  },
  "version": 1
}
